
Microsoft Visual Studio Solution File, Format Version 12.00
# Visual Studio Version 16
VisualStudioVersion = 16.0.29001.49
MinimumVisualStudioVersion = 10.0.40219.1
Project("{FAE04EC0-301F-11D3-BF4B-00C04F79EFBC}") = "Payroll Management System", "Payroll Management System.csproj", "{F304A1CC-7F2B-419D-8486-C69062A6EF34}"
EndProject
Global
	GlobalSection(SolutionConfigurationPlatforms) = preSolution
		Debug|Any CPU = Debug|Any CPU
		Release|Any CPU = Release|Any CPU
	EndGlobalSection
	GlobalSection(ProjectConfigurationPlatforms) = postSolution
		{F304A1CC-7F2B-419D-8486-C69062A6EF34}.Debug|Any CPU.ActiveCfg = Debug|Any CPU
		{F304A1CC-7F2B-419D-8486-C69062A6EF34}.Debug|Any CPU.Build.0 = Debug|Any CPU
		{F304A1CC-7F2B-419D-8486-C69062A6EF34}.Release|Any CPU.ActiveCfg = Release|Any CPU
		{F304A1CC-7F2B-419D-8486-C69062A6EF34}.Release|Any CPU.Build.0 = Release|Any CPU
	EndGlobalSection
	GlobalSection(SolutionProperties) = preSolution
		HideSolutionNode = FALSE
	EndGlobalSection
	GlobalSection(ExtensibilityGlobals) = postSolution
		SolutionGuid = {F5BBD09C-8A8B-454E-8899-06888D5B96F4}
	EndGlobalSection
EndGlobal
