
Microsoft Visual Studio Solution File, Format Version 12.00
# Visual Studio Version 16
VisualStudioVersion = 16.0.29001.49
MinimumVisualStudioVersion = 10.0.40219.1
Project("{FAE04EC0-301F-11D3-BF4B-00C04F79EFBC}") = "test", "test\test.csproj", "{FC1DAA24-5EB8-47D5-9D51-ACB165C711ED}"
EndProject
Global
	GlobalSection(SolutionConfigurationPlatforms) = preSolution
		Debug|Any CPU = Debug|Any CPU
		Release|Any CPU = Release|Any CPU
	EndGlobalSection
	GlobalSection(ProjectConfigurationPlatforms) = postSolution
		{FC1DAA24-5EB8-47D5-9D51-ACB165C711ED}.Debug|Any CPU.ActiveCfg = Debug|Any CPU
		{FC1DAA24-5EB8-47D5-9D51-ACB165C711ED}.Debug|Any CPU.Build.0 = Debug|Any CPU
		{FC1DAA24-5EB8-47D5-9D51-ACB165C711ED}.Release|Any CPU.ActiveCfg = Release|Any CPU
		{FC1DAA24-5EB8-47D5-9D51-ACB165C711ED}.Release|Any CPU.Build.0 = Release|Any CPU
	EndGlobalSection
	GlobalSection(SolutionProperties) = preSolution
		HideSolutionNode = FALSE
	EndGlobalSection
	GlobalSection(ExtensibilityGlobals) = postSolution
		SolutionGuid = {2ECFBF04-EE3B-4876-978F-8D44CDF96DA2}
	EndGlobalSection
EndGlobal
